
Microsoft Visual Studio Solution File, Format Version 12.00
# Visual Studio Version 16
VisualStudioVersion = 16.0.31624.102
MinimumVisualStudioVersion = 10.0.40219.1
Project("{9A19103F-16F7-4668-BE54-9A1E7A4F7556}") = "VehicleTracker", "VehicleTracker.csproj", "{53C2CAC5-09EC-4BE7-AB0E-17F70F7F794B}"
EndProject
Project("{FAE04EC0-301F-11D3-BF4B-00C04F79EFBC}") = "VehicleTrackerConsumer", "..\VehicleTrackerConsumer\VehicleTrackerConsumer.csproj", "{CFD012A6-FDD2-46A6-82F6-BB0B44DB13C7}"
EndProject
Global
	GlobalSection(SolutionConfigurationPlatforms) = preSolution
		Debug|Any CPU = Debug|Any CPU
		Release|Any CPU = Release|Any CPU
	EndGlobalSection
	GlobalSection(ProjectConfigurationPlatforms) = postSolution
		{53C2CAC5-09EC-4BE7-AB0E-17F70F7F794B}.Debug|Any CPU.ActiveCfg = Debug|Any CPU
		{53C2CAC5-09EC-4BE7-AB0E-17F70F7F794B}.Debug|Any CPU.Build.0 = Debug|Any CPU
		{53C2CAC5-09EC-4BE7-AB0E-17F70F7F794B}.Release|Any CPU.ActiveCfg = Release|Any CPU
		{53C2CAC5-09EC-4BE7-AB0E-17F70F7F794B}.Release|Any CPU.Build.0 = Release|Any CPU
		{CFD012A6-FDD2-46A6-82F6-BB0B44DB13C7}.Debug|Any CPU.ActiveCfg = Debug|Any CPU
		{CFD012A6-FDD2-46A6-82F6-BB0B44DB13C7}.Debug|Any CPU.Build.0 = Debug|Any CPU
		{CFD012A6-FDD2-46A6-82F6-BB0B44DB13C7}.Release|Any CPU.ActiveCfg = Release|Any CPU
		{CFD012A6-FDD2-46A6-82F6-BB0B44DB13C7}.Release|Any CPU.Build.0 = Release|Any CPU
	EndGlobalSection
	GlobalSection(SolutionProperties) = preSolution
		HideSolutionNode = FALSE
	EndGlobalSection
	GlobalSection(ExtensibilityGlobals) = postSolution
		SolutionGuid = {F1452BBF-30B6-492E-B446-A11A3E426E97}
	EndGlobalSection
EndGlobal
